
Microsoft Visual Studio Solution File, Format Version 12.00
# Visual Studio Version 17
VisualStudioVersion = 17.8.34525.116
MinimumVisualStudioVersion = 10.0.40219.1
Project("{FAE04EC0-301F-11D3-BF4B-00C04F79EFBC}") = "exit", "exit\exit.csproj", "{630ADCA3-9027-4BB2-860B-8DAB02566963}"
EndProject
Global
	GlobalSection(SolutionConfigurationPlatforms) = preSolution
		Debug|Any CPU = Debug|Any CPU
		Release|Any CPU = Release|Any CPU
	EndGlobalSection
	GlobalSection(ProjectConfigurationPlatforms) = postSolution
		{630ADCA3-9027-4BB2-860B-8DAB02566963}.Debug|Any CPU.ActiveCfg = Debug|Any CPU
		{630ADCA3-9027-4BB2-860B-8DAB02566963}.Debug|Any CPU.Build.0 = Debug|Any CPU
		{630ADCA3-9027-4BB2-860B-8DAB02566963}.Release|Any CPU.ActiveCfg = Release|Any CPU
		{630ADCA3-9027-4BB2-860B-8DAB02566963}.Release|Any CPU.Build.0 = Release|Any CPU
	EndGlobalSection
	GlobalSection(SolutionProperties) = preSolution
		HideSolutionNode = FALSE
	EndGlobalSection
	GlobalSection(ExtensibilityGlobals) = postSolution
		SolutionGuid = {9C4D7D01-DE27-45C3-B509-EFF6D6D3848C}
	EndGlobalSection
EndGlobal
